
Microsoft Visual Studio Solution File, Format Version 12.00
# Visual Studio Version 16
VisualStudioVersion = 16.0.30804.86
MinimumVisualStudioVersion = 10.0.40219.1
Project("{888888A0-9F3D-457C-B088-3A5042F75D52}") = "mlp", "mlp\mlp.pyproj", "{46B35C22-1538-4D89-8A0B-F5E7EA4067BF}"
EndProject
Global
	GlobalSection(SolutionConfigurationPlatforms) = preSolution
		Debug|Any CPU = Debug|Any CPU
		Release|Any CPU = Release|Any CPU
	EndGlobalSection
	GlobalSection(ProjectConfigurationPlatforms) = postSolution
		{46B35C22-1538-4D89-8A0B-F5E7EA4067BF}.Debug|Any CPU.ActiveCfg = Debug|Any CPU
		{46B35C22-1538-4D89-8A0B-F5E7EA4067BF}.Release|Any CPU.ActiveCfg = Release|Any CPU
	EndGlobalSection
	GlobalSection(SolutionProperties) = preSolution
		HideSolutionNode = FALSE
	EndGlobalSection
	GlobalSection(ExtensibilityGlobals) = postSolution
		SolutionGuid = {62E4A0DF-2381-4BD7-B196-92609996E5C5}
	EndGlobalSection
EndGlobal
